
Microsoft Visual Studio Solution File, Format Version 12.00
# Visual Studio Version 17
VisualStudioVersion = 17.7.34031.279
MinimumVisualStudioVersion = 10.0.40219.1
Project("{8BC9CEB8-8B4A-11D0-8D11-00A0C91BC942}") = "Lab12", "Lab12\Lab12.vcxproj", "{5205EFD1-8D7D-4738-8D94-63AC5025E3E8}"
EndProject
Global
	GlobalSection(SolutionConfigurationPlatforms) = preSolution
		Debug|x64 = Debug|x64
		Debug|x86 = Debug|x86
		Release|x64 = Release|x64
		Release|x86 = Release|x86
	EndGlobalSection
	GlobalSection(ProjectConfigurationPlatforms) = postSolution
		{5205EFD1-8D7D-4738-8D94-63AC5025E3E8}.Debug|x64.ActiveCfg = Debug|x64
		{5205EFD1-8D7D-4738-8D94-63AC5025E3E8}.Debug|x64.Build.0 = Debug|x64
		{5205EFD1-8D7D-4738-8D94-63AC5025E3E8}.Debug|x86.ActiveCfg = Debug|Win32
		{5205EFD1-8D7D-4738-8D94-63AC5025E3E8}.Debug|x86.Build.0 = Debug|Win32
		{5205EFD1-8D7D-4738-8D94-63AC5025E3E8}.Release|x64.ActiveCfg = Release|x64
		{5205EFD1-8D7D-4738-8D94-63AC5025E3E8}.Release|x64.Build.0 = Release|x64
		{5205EFD1-8D7D-4738-8D94-63AC5025E3E8}.Release|x86.ActiveCfg = Release|Win32
		{5205EFD1-8D7D-4738-8D94-63AC5025E3E8}.Release|x86.Build.0 = Release|Win32
	EndGlobalSection
	GlobalSection(SolutionProperties) = preSolution
		HideSolutionNode = FALSE
	EndGlobalSection
	GlobalSection(ExtensibilityGlobals) = postSolution
		SolutionGuid = {E18C32AF-F23D-4A89-97CC-73F1F4E3E2CC}
	EndGlobalSection
EndGlobal
